
Microsoft Visual Studio Solution File, Format Version 12.00
# Visual Studio 15
VisualStudioVersion = 15.0.27130.2020
MinimumVisualStudioVersion = 10.0.40219.1
Project("{FAE04EC0-301F-11D3-BF4B-00C04F79EFBC}") = "Blog_do_Raul", "Blog_do_Raul\Blog_do_Raul.csproj", "{523A57D0-BE6A-493C-B5BA-BBA0402E9E21}"
EndProject
Global
	GlobalSection(SolutionConfigurationPlatforms) = preSolution
		Debug|Any CPU = Debug|Any CPU
		Release|Any CPU = Release|Any CPU
	EndGlobalSection
	GlobalSection(ProjectConfigurationPlatforms) = postSolution
		{523A57D0-BE6A-493C-B5BA-BBA0402E9E21}.Debug|Any CPU.ActiveCfg = Debug|Any CPU
		{523A57D0-BE6A-493C-B5BA-BBA0402E9E21}.Debug|Any CPU.Build.0 = Debug|Any CPU
		{523A57D0-BE6A-493C-B5BA-BBA0402E9E21}.Release|Any CPU.ActiveCfg = Release|Any CPU
		{523A57D0-BE6A-493C-B5BA-BBA0402E9E21}.Release|Any CPU.Build.0 = Release|Any CPU
	EndGlobalSection
	GlobalSection(SolutionProperties) = preSolution
		HideSolutionNode = FALSE
	EndGlobalSection
	GlobalSection(ExtensibilityGlobals) = postSolution
		SolutionGuid = {0C26B40B-4D63-4B54-ABFD-A0E6BBDEC3AC}
	EndGlobalSection
EndGlobal
